
Microsoft Visual Studio Solution File, Format Version 12.00
# Visual Studio Version 17
VisualStudioVersion = 17.8.34330.188
MinimumVisualStudioVersion = 10.0.40219.1
Project("{FAE04EC0-301F-11D3-BF4B-00C04F79EFBC}") = "DotNetExam", "DotNetExam\DotNetExam.csproj", "{FEEB6F8A-C653-405B-B063-756F3B2C8846}"
EndProject
Global
	GlobalSection(SolutionConfigurationPlatforms) = preSolution
		Debug|Any CPU = Debug|Any CPU
		Release|Any CPU = Release|Any CPU
	EndGlobalSection
	GlobalSection(ProjectConfigurationPlatforms) = postSolution
		{FEEB6F8A-C653-405B-B063-756F3B2C8846}.Debug|Any CPU.ActiveCfg = Debug|Any CPU
		{FEEB6F8A-C653-405B-B063-756F3B2C8846}.Debug|Any CPU.Build.0 = Debug|Any CPU
		{FEEB6F8A-C653-405B-B063-756F3B2C8846}.Release|Any CPU.ActiveCfg = Release|Any CPU
		{FEEB6F8A-C653-405B-B063-756F3B2C8846}.Release|Any CPU.Build.0 = Release|Any CPU
	EndGlobalSection
	GlobalSection(SolutionProperties) = preSolution
		HideSolutionNode = FALSE
	EndGlobalSection
	GlobalSection(ExtensibilityGlobals) = postSolution
		SolutionGuid = {847BF76D-9594-40E7-A13F-AABD890A3260}
	EndGlobalSection
EndGlobal
